
Microsoft Visual Studio Solution File, Format Version 12.00
# Visual Studio Version 17
VisualStudioVersion = 17.8.34330.188
MinimumVisualStudioVersion = 10.0.40219.1
Project("{FAE04EC0-301F-11D3-BF4B-00C04F79EFBC}") = "Biblioteca", "Biblioteca\Biblioteca.csproj", "{8828138D-7E51-45EF-B404-17E4E4B28EF3}"
EndProject
Project("{2150E333-8FDC-42A3-9474-1A3956D46DE8}") = "Elementos de la solución", "Elementos de la solución", "{4D78A3BB-3774-46F3-A41C-45C3E54ED577}"
EndProject
Project("{FAE04EC0-301F-11D3-BF4B-00C04F79EFBC}") = "Consola2", "Consola2\Consola2.csproj", "{CC12E7A8-DDAD-4204-A03B-E1B574B60C58}"
EndProject
Global
	GlobalSection(SolutionConfigurationPlatforms) = preSolution
		Debug|Any CPU = Debug|Any CPU
		Release|Any CPU = Release|Any CPU
	EndGlobalSection
	GlobalSection(ProjectConfigurationPlatforms) = postSolution
		{8828138D-7E51-45EF-B404-17E4E4B28EF3}.Debug|Any CPU.ActiveCfg = Debug|Any CPU
		{8828138D-7E51-45EF-B404-17E4E4B28EF3}.Debug|Any CPU.Build.0 = Debug|Any CPU
		{8828138D-7E51-45EF-B404-17E4E4B28EF3}.Release|Any CPU.ActiveCfg = Release|Any CPU
		{8828138D-7E51-45EF-B404-17E4E4B28EF3}.Release|Any CPU.Build.0 = Release|Any CPU
		{CC12E7A8-DDAD-4204-A03B-E1B574B60C58}.Debug|Any CPU.ActiveCfg = Debug|Any CPU
		{CC12E7A8-DDAD-4204-A03B-E1B574B60C58}.Debug|Any CPU.Build.0 = Debug|Any CPU
		{CC12E7A8-DDAD-4204-A03B-E1B574B60C58}.Release|Any CPU.ActiveCfg = Release|Any CPU
		{CC12E7A8-DDAD-4204-A03B-E1B574B60C58}.Release|Any CPU.Build.0 = Release|Any CPU
	EndGlobalSection
	GlobalSection(SolutionProperties) = preSolution
		HideSolutionNode = FALSE
	EndGlobalSection
	GlobalSection(ExtensibilityGlobals) = postSolution
		SolutionGuid = {F05D8020-8568-4F8F-8A9E-342636E01D93}
	EndGlobalSection
EndGlobal
